
Microsoft Visual Studio Solution File, Format Version 12.00
# Visual Studio Version 17
VisualStudioVersion = 17.4.33213.308
MinimumVisualStudioVersion = 10.0.40219.1
Project("{FAE04EC0-301F-11D3-BF4B-00C04F79EFBC}") = "SoportePatitos", "SoportePatitos\SoportePatitos.csproj", "{4CADB6B1-F78A-48A6-9B79-0F5452125328}"
EndProject
Project("{FAE04EC0-301F-11D3-BF4B-00C04F79EFBC}") = "SoportePatitosBD", "SoportePatitosBD\SoportePatitosBD.csproj", "{C221CF2C-DA0E-4A50-80E1-8EAE0428249F}"
EndProject
Global
	GlobalSection(SolutionConfigurationPlatforms) = preSolution
		Debug|Any CPU = Debug|Any CPU
		Release|Any CPU = Release|Any CPU
	EndGlobalSection
	GlobalSection(ProjectConfigurationPlatforms) = postSolution
		{4CADB6B1-F78A-48A6-9B79-0F5452125328}.Debug|Any CPU.ActiveCfg = Debug|Any CPU
		{4CADB6B1-F78A-48A6-9B79-0F5452125328}.Debug|Any CPU.Build.0 = Debug|Any CPU
		{4CADB6B1-F78A-48A6-9B79-0F5452125328}.Release|Any CPU.ActiveCfg = Release|Any CPU
		{4CADB6B1-F78A-48A6-9B79-0F5452125328}.Release|Any CPU.Build.0 = Release|Any CPU
		{C221CF2C-DA0E-4A50-80E1-8EAE0428249F}.Debug|Any CPU.ActiveCfg = Debug|Any CPU
		{C221CF2C-DA0E-4A50-80E1-8EAE0428249F}.Debug|Any CPU.Build.0 = Debug|Any CPU
		{C221CF2C-DA0E-4A50-80E1-8EAE0428249F}.Release|Any CPU.ActiveCfg = Release|Any CPU
		{C221CF2C-DA0E-4A50-80E1-8EAE0428249F}.Release|Any CPU.Build.0 = Release|Any CPU
	EndGlobalSection
	GlobalSection(SolutionProperties) = preSolution
		HideSolutionNode = FALSE
	EndGlobalSection
	GlobalSection(ExtensibilityGlobals) = postSolution
		SolutionGuid = {FA84E6C5-B304-44AD-8181-1386AFDD55EC}
	EndGlobalSection
EndGlobal
